[[package]]
category = "dev"
description = "Disable App Nap on OS X 10.9"
name = "appnope"
optional = false
platform = "UNKNOWN"
python-versions = "*"
version = "0.1.0"

[package.requirements]
platform = "darwin"
python = ">=3.3"

[[package]]
category = "dev"
description = "Fast ASN.1 parser and serializer with definitions for private keys, public keys, certificates, CRL, OCSP, CMS, PKCS#3, PKCS#7, PKCS#8, PKCS#12, PKCS#5, X.509 and TSP"
name = "asn1crypto"
optional = false
platform = "*"
python-versions = "*"
version = "0.24.0"

[[package]]
category = "dev"
description = "Specifications for callback functions passed in to an API"
name = "backcall"
optional = false
platform = "UNKNOWN"
python-versions = "*"
version = "0.1.0"

[package.requirements]
python = ">=3.3"

[[package]]
category = "dev"
description = "Modern password hashing for your software and your servers"
name = "bcrypt"
optional = false
platform = "*"
python-versions = "*"
version = "3.1.4"

[package.dependencies]
cffi = ">=1.1"
six = ">=1.4.1"

[[package]]
category = "dev"
description = "Screen-scraping library"
name = "beautifulsoup4"
optional = false
platform = "*"
python-versions = "*"
version = "4.6.3"

[[package]]
category = "main"
description = "Python package for providing Mozilla's CA Bundle."
name = "certifi"
optional = false
platform = "*"
python-versions = "*"
version = "2018.8.13"

[[package]]
category = "dev"
description = "Foreign Function Interface for Python calling C code."
name = "cffi"
optional = false
platform = "*"
python-versions = "*"
version = "1.11.5"

[package.dependencies]
pycparser = "*"

[[package]]
category = "main"
description = "Universal encoding detector for Python 2 and 3"
name = "chardet"
optional = false
platform = "*"
python-versions = "*"
version = "3.0.4"

[[package]]
category = "dev"
description = "Cross-platform colored terminal text."
name = "colorama"
optional = false
platform = "UNKNOWN"
python-versions = "*"
version = "0.3.9"

[package.requirements]
platform = "win32"
python = ">=3.3"

[[package]]
category = "dev"
description = "cryptography is a package which provides cryptographic recipes and primitives to Python developers."
name = "cryptography"
optional = false
platform = "*"
python-versions = ">=2.7,!=3.0.*,!=3.1.*,!=3.2.*,!=3.3.*"
version = "2.3"

[package.dependencies]
asn1crypto = ">=0.21.0"
cffi = ">=1.7,<1.11.3 || >1.11.3"
idna = ">=2.1"
six = ">=1.4.1"

[[package]]
category = "dev"
description = "Better living through Python with decorators"
name = "decorator"
optional = false
platform = "All"
python-versions = "*"
version = "4.3.0"

[package.requirements]
python = ">=3.3"

[[package]]
category = "main"
description = "Serve production static files with Django."
name = "dj-static"
optional = false
platform = "any"
python-versions = "*"
version = "0.0.6"

[package.dependencies]
static3 = "*"

[[package]]
category = "main"
description = "A high-level Python Web framework that encourages rapid development and clean, pragmatic design."
name = "django"
optional = false
platform = "*"
python-versions = ">=3.5"
version = "2.1"

[package.dependencies]
pytz = "*"

[[package]]
category = "main"
description = "A helper class for handling configuration defaults of packaged apps gracefully."
name = "django-appconf"
optional = false
platform = "UNKNOWN"
python-versions = "*"
version = "1.0.2"

[[package]]
category = "main"
description = "Keep track of failed login attempts in Django-powered sites."
name = "django-axes"
optional = false
platform = "*"
python-versions = "*"
version = "4.4.0"

[package.dependencies]
django-appconf = "*"
django-ipware = ">=2.0.2"
pytz = "*"

[[package]]
category = "main"
description = "Compresses linked and inline JavaScript or CSS into single cached files."
name = "django-compressor"
optional = false
platform = "*"
python-versions = "*"
version = "2.2"

[package.dependencies]
django-appconf = ">=1.0"
rcssmin = "1.0.6"
rjsmin = "1.0.12"

[[package]]
category = "dev"
description = "A configurable set of panels that display various debug information about the current request/response."
name = "django-debug-toolbar"
optional = false
platform = "*"
python-versions = "*"
version = "1.9.1"

[package.dependencies]
Django = ">=1.8"
sqlparse = ">=0.2.0"

[[package]]
category = "main"
description = "Extensions for Django"
name = "django-extensions"
optional = false
platform = "any"
python-versions = "*"
version = "2.1.0"

[package.dependencies]
six = ">=1.2"

[[package]]
category = "main"
description = "A Django utility application that returns client's real IP address"
name = "django-ipware"
optional = false
platform = "*"
python-versions = "*"
version = "2.1.0"

[[package]]
category = "main"
description = "A django-compressor filter to compile SASS files using libsass"
name = "django-libsass"
optional = false
platform = "UNKNOWN"
python-versions = "*"
version = "0.7"

[package.dependencies]
django-compressor = ">=1.3"
libsass = ">=0.7.0"

[[package]]
category = "dev"
description = "LiveReload functionality integrated with your Django development environment"
name = "django-livereload-server"
optional = false
platform = "*"
python-versions = "*"
version = "0.3.2"

[package.dependencies]
beautifulsoup4 = ">=4.3.2"
django = ">=1.8"
six = "*"
tornado = "*"

[[package]]
category = "main"
description = "A Django app to monitor and send mail asynchronously, complete with template support."
name = "django-post-office"
optional = false
platform = "*"
python-versions = "*"
version = "3.1.0"

[package.dependencies]
django = ">=1.8"
jsonfield = "*"

[[package]]
category = "main"
description = "The easy way of handling Django secrets."
name = "django-secrets"
optional = false
platform = "*"
python-versions = ">=2.6"
version = "1.0.2"

[package.dependencies]
Django = ">=1.5"
future = "*"
six = "*"

[[package]]
category = "main"
description = "Undeletable Django models"
name = "django-undeletable"
optional = false
platform = "*"
python-versions = "*"
version = "1.0.0"

[package.dependencies]
Django = ">=1.11.8"

[[package]]
category = "main"
description = "Web APIs for Django, made easy."
name = "djangorestframework"
optional = false
platform = "*"
python-versions = ">=2.7, !=3.0.*, !=3.1.*, !=3.2.*, !=3.3.*"
version = "3.8.2"

[[package]]
category = "dev"
description = "Flamegraphs for Django Debug Toolbar"
name = "djdt-flamegraph"
optional = false
platform = "UNKNOWN"
python-versions = "*"
version = "0.2.12"

[[package]]
category = "dev"
description = "Fabric is a simple, Pythonic tool for remote execution and deployment (py2.7/py3.4+ compatible fork)."
name = "fabric3"
optional = false
platform = "*"
python-versions = "*"
version = "1.14.post1"

[package.dependencies]
paramiko = ">=2.0,<3.0"
six = ">=1.10.0"

[[package]]
category = "dev"
description = "the modular source code checker: pep8, pyflakes and co"
name = "flake8"
optional = false
platform = "*"
python-versions = "*"
version = "3.5.0"

[package.dependencies]
mccabe = ">=0.6.0,<0.7.0"
pycodestyle = ">=2.0.0,<2.4.0"
pyflakes = ">=1.5.0,<1.7.0"

[[package]]
category = "main"
description = "Clean single-source support for Python 3 and 2"
name = "future"
optional = false
platform = "UNKNOWN"
python-versions = "*"
version = "0.16.0"

[[package]]
category = "main"
description = "Print awesomely in terminals."
name = "huepy"
optional = false
platform = "*"
python-versions = "*"
version = "0.9.8.1"

[[package]]
category = "main"
description = "Internationalized Domain Names in Applications (IDNA)"
name = "idna"
optional = false
platform = "*"
python-versions = "*"
version = "2.7"

[[package]]
category = "dev"
description = "IPython-enabled pdb"
name = "ipdb"
optional = false
platform = "*"
python-versions = ">=2.7"
version = "0.11"

[package.dependencies]
setuptools = "*"

[package.dependencies.ipython]
python = ">=3.3"
version = ">=5.0.0"

[[package]]
category = "dev"
description = "IPython: Productive Interactive Computing"
name = "ipython"
optional = false
platform = "Linux"
python-versions = ">=3.3"
version = "6.5.0"

[package.dependencies]
backcall = "*"
decorator = "*"
jedi = ">=0.10"
pickleshare = "*"
prompt-toolkit = ">=1.0.15,<2.0.0"
pygments = "*"
setuptools = ">=18.5"
simplegeneric = ">0.8"
traitlets = ">=4.2"

[package.dependencies.appnope]
platform = "darwin"
version = "*"

[package.dependencies.colorama]
platform = "win32"
version = "*"

[package.dependencies.pexpect]
platform = "!=win32"
version = "*"

[package.requirements]
python = ">=3.3"

[[package]]
category = "dev"
description = "Vestigial utilities from IPython"
name = "ipython-genutils"
optional = false
platform = "Linux"
python-versions = "*"
version = "0.2.0"

[package.requirements]
python = ">=3.3"

[[package]]
category = "dev"
description = "An autocompletion tool for Python that can be used for text editors."
name = "jedi"
optional = false
platform = "any"
python-versions = ">=2.7, !=3.0.*, !=3.1.*, !=3.2.*"
version = "0.12.1"

[package.dependencies]
parso = ">=0.3.0"

[package.requirements]
python = ">=3.3"

[[package]]
category = "main"
description = "A reusable Django field that allows you to store validated JSON in your model."
name = "jsonfield"
optional = false
platform = "*"
python-versions = "*"
version = "2.0.2"

[package.dependencies]
Django = ">=1.8.0"

[[package]]
category = "main"
description = "Sass for Python: A straightforward binding of libsass for Python."
name = "libsass"
optional = false
platform = "*"
python-versions = "*"
version = "0.14.5"

[package.dependencies]
six = "*"

[[package]]
category = "dev"
description = "McCabe checker, plugin for flake8"
name = "mccabe"
optional = false
platform = "*"
python-versions = "*"
version = "0.6.1"

[[package]]
category = "dev"
description = "SSH2 protocol library"
name = "paramiko"
optional = false
platform = "Posix; MacOS X; Windows"
python-versions = "*"
version = "2.4.1"

[package.dependencies]
bcrypt = ">=3.1.3"
cryptography = ">=1.5"
pyasn1 = ">=0.1.7"
pynacl = ">=1.0.1"

[[package]]
category = "dev"
description = "A Python Parser"
name = "parso"
optional = false
platform = "any"
python-versions = "*"
version = "0.3.1"

[package.requirements]
python = ">=3.3"

[[package]]
category = "main"
description = "Python datetimes made easy"
name = "pendulum"
optional = false
platform = "*"
python-versions = ">=2.7, !=3.0.*, !=3.1.*, !=3.2.*, !=3.3.*"
version = "2.0.3"

[package.dependencies]
python-dateutil = ">=2.6,<3.0"
pytzdata = ">=2018.3"

[[package]]
category = "dev"
description = "Pexpect allows easy control of interactive console applications."
name = "pexpect"
optional = false
platform = "UNIX"
python-versions = "*"
version = "4.6.0"

[package.dependencies]
ptyprocess = ">=0.5"

[package.requirements]
platform = "!=win32"
python = ">=3.3"

[[package]]
category = "dev"
description = "Tiny 'shelve'-like database with concurrency support"
name = "pickleshare"
optional = false
platform = "*"
python-versions = "*"
version = "0.7.4"

[package.requirements]
python = ">=3.3"

[[package]]
category = "dev"
description = "Library for building powerful interactive command lines in Python"
name = "prompt-toolkit"
optional = false
platform = "*"
python-versions = "*"
version = "1.0.15"

[package.dependencies]
six = ">=1.9.0"
wcwidth = "*"

[package.requirements]
python = ">=3.3"

[[package]]
category = "dev"
description = "Run a subprocess in a pseudo terminal"
name = "ptyprocess"
optional = false
platform = "*"
python-versions = "*"
version = "0.6.0"

[package.requirements]
platform = "!=win32"
python = ">=3.3"

[[package]]
category = "dev"
description = "ASN.1 types and codecs"
name = "pyasn1"
optional = false
platform = "any"
python-versions = "*"
version = "0.4.4"

[[package]]
category = "dev"
description = "Python style guide checker"
name = "pycodestyle"
optional = false
platform = "*"
python-versions = "*"
version = "2.3.1"

[[package]]
category = "dev"
description = "C parser in Python"
name = "pycparser"
optional = false
platform = "Cross Platform"
python-versions = "*"
version = "2.18"

[[package]]
category = "dev"
description = "passive checker of Python programs"
name = "pyflakes"
optional = false
platform = "*"
python-versions = "*"
version = "1.6.0"

[[package]]
category = "dev"
description = "Pygments is a syntax highlighting package written in Python."
name = "pygments"
optional = false
platform = "any"
python-versions = "*"
version = "2.2.0"

[package.requirements]
python = ">=3.3"

[[package]]
category = "dev"
description = "Python binding to the Networking and Cryptography (NaCl) library"
name = "pynacl"
optional = false
platform = "*"
python-versions = "*"
version = "1.2.1"

[package.dependencies]
cffi = ">=1.4.1"
six = "*"

[[package]]
category = "main"
description = "PugJS syntax template adapter for Django, Jinja2, Mako and Tornado templates"
name = "pypugjs"
optional = false
platform = "*"
python-versions = "*"
version = "5.6.0"

[package.dependencies]
six = "*"

[[package]]
category = "main"
description = "Extensions to the standard Python datetime module"
name = "python-dateutil"
optional = false
platform = "*"
python-versions = ">=2.7, !=3.0.*, !=3.1.*, !=3.2.*"
version = "2.7.3"

[package.dependencies]
six = ">=1.5"

[[package]]
category = "main"
description = "World timezone definitions, modern and historical"
name = "pytz"
optional = false
platform = "Independent"
python-versions = "*"
version = "2018.5"

[[package]]
category = "main"
description = "Official timezone database for Python."
name = "pytzdata"
optional = false
platform = "*"
python-versions = ">=2.7, !=3.0.*, !=3.1.*, !=3.2.*, !=3.3.*"
version = "2018.5"

[[package]]
category = "main"
description = "Raven is a client for Sentry (https://getsentry.com)"
name = "raven"
optional = false
platform = "*"
python-versions = "*"
version = "6.9.0"

[[package]]
category = "main"
description = "CSS Minifier"
name = "rcssmin"
optional = false
platform = "*"
python-versions = "*"
version = "1.0.6"

[[package]]
category = "main"
description = "Python HTTP for Humans."
name = "requests"
optional = false
platform = "*"
python-versions = ">=2.6, !=3.0.*, !=3.1.*, !=3.2.*, !=3.3.*"
version = "2.19.1"

[package.dependencies]
certifi = ">=2017.4.17"
chardet = ">=3.0.2,<3.1.0"
idna = ">=2.5,<2.8"
urllib3 = ">=1.21.1,<1.24"

[[package]]
category = "main"
description = "Javascript Minifier"
name = "rjsmin"
optional = false
platform = "*"
python-versions = "*"
version = "1.0.12"

[[package]]
category = "dev"
description = "Simple generic functions (similar to Python's own len(), pickle.dump(), etc.)"
name = "simplegeneric"
optional = false
platform = "UNKNOWN"
python-versions = "*"
version = "0.8.1"

[package.requirements]
python = ">=3.3"

[[package]]
category = "main"
description = "Python 2 and 3 compatibility utilities"
name = "six"
optional = false
platform = "*"
python-versions = "*"
version = "1.11.0"

[[package]]
category = "dev"
description = "Non-validating SQL parser"
name = "sqlparse"
optional = false
platform = "*"
python-versions = "*"
version = "0.2.4"

[[package]]
category = "main"
description = "A really simple WSGI way to serve static (or mixed) content."
name = "static3"
optional = false
platform = "UNKNOWN"
python-versions = "*"
version = "0.7.0"

[[package]]
category = "dev"
description = "Tornado is a Python web framework and asynchronous networking library, originally developed at FriendFeed."
name = "tornado"
optional = false
platform = "*"
python-versions = ">= 2.7, !=3.0.*, !=3.1.*, !=3.2.*, != 3.3.*"
version = "5.1"

[[package]]
category = "dev"
description = "Traitlets Python config system"
name = "traitlets"
optional = false
platform = "Linux,Mac OS X,Windows"
python-versions = "*"
version = "4.3.2"

[package.dependencies]
decorator = "*"
ipython-genutils = "*"
six = "*"

[package.requirements]
python = ">=3.3"

[[package]]
category = "main"
description = "HTTP library with thread-safe connection pooling, file post, and more."
name = "urllib3"
optional = false
platform = "*"
python-versions = ">=2.6, !=3.0.*, !=3.1.*, !=3.2.*, !=3.3.*, <4"
version = "1.23"

[[package]]
category = "main"
description = "uwsgidecorators standalone package"
name = "uwsgidecorators"
optional = false
platform = "UNKNOWN"
python-versions = "*"
version = "1.1.0"

[[package]]
category = "dev"
description = "Measures number of Terminal column cells of wide-character codes"
name = "wcwidth"
optional = false
platform = "UNKNOWN"
python-versions = "*"
version = "0.1.7"

[package.requirements]
python = ">=3.3"

[metadata]
content-hash = "76ab0871e13ac3530fd4e8c1f388ce23ae5c1e338d8832d3914334de862dba12"
platform = "*"
python-versions = "3.6"

[metadata.hashes]
appnope = ["5b26757dc6f79a3b7dc9fab95359328d5747fcb2409d331ea66d0272b90ab2a0", "8b995ffe925347a2138d7ac0fe77155e4311a0ea6d6da4f5128fe4b3cbe5ed71"]
asn1crypto = ["2f1adbb7546ed199e3c90ef23ec95c5cf3585bac7d11fb7eb562a3fe89c64e87", "9d5c20441baf0cb60a4ac34cc447c6c189024b6b4c6cd7877034f4965c464e49"]
backcall = ["38ecd85be2c1e78f77fd91700c76e14667dc21e2713b63876c0eb901196e01e4", "bbbf4b1e5cd2bdb08f915895b51081c041bac22394fdfcfdfbe9f14b77c08bf2"]
bcrypt = ["01477981abf74e306e8ee31629a940a5e9138de000c6b0898f7f850461c4a0a5", "054d6e0acaea429e6da3613fcd12d05ee29a531794d96f6ab959f29a39f33391", "0872eeecdf9a429c1420158500eedb323a132bc5bf3339475151c52414729e70", "09a3b8c258b815eadb611bad04ca15ec77d86aa9ce56070e1af0d5932f17642a", "0f317e4ffbdd15c3c0f8ab5fbd86aa9aabc7bea18b5cc5951b456fe39e9f738c", "2788c32673a2ad0062bea850ab73cffc0dba874db10d7a3682b6f2f280553f20", "321d4d48be25b8d77594d8324c0585c80ae91ac214f62db9098734e5e7fb280f", "346d6f84ff0b493dbc90c6b77136df83e81f903f0b95525ee80e5e6d5e4eef84", "34dd60b90b0f6de94a89e71fcd19913a30e83091c8468d0923a93a0cccbfbbff", "3b4c23300c4eded8895442c003ae9b14328ae69309ac5867e7530de8bdd7875d", "43d1960e7db14042319c46925892d5fa99b08ff21d57482e6f5328a1aca03588", "49e96267cd9be55a349fd74f9852eb9ae2c427cd7f6455d0f1765d7332292832", "63e06ffdaf4054a89757a3a1ab07f1b922daf911743114a54f7c561b9e1baa58", "67ed1a374c9155ec0840214ce804616de49c3df9c5bc66740687c1c9b1cd9e8d", "6b662a5669186439f4f583636c8d6ea77cf92f7cfe6aae8d22edf16c36840574", "6efd9ca20aefbaf2e7e6817a2c6ed4a50ff6900fafdea1bcb1d0e9471743b144", "8569844a5d8e1fdde4d7712a05ab2e6061343ac34af6e7e3d7935b2bd1907bfd", "8629ea6a8a59f865add1d6a87464c3c676e60101b8d16ef404d0a031424a8491", "988cac675e25133d01a78f2286189c1f01974470817a33eaf4cfee573cfb72a5", "9a6fedda73aba1568962f7543a1f586051c54febbc74e87769bad6a4b8587c39", "9eced8962ce3b7124fe20fd358cf8c7470706437fa064b9874f849ad4c5866fc", "a005ed6163490988711ff732386b08effcbf8df62ae93dd1e5bda0714fad8afb", "ae35dbcb6b011af6c840893b32399252d81ff57d52c13e12422e16b5fea1d0fb", "b1e8491c6740f21b37cca77bc64677696a3fb9f32360794d57fa8477b7329eda", "c906bdb482162e9ef48eea9f8c0d967acceb5c84f2d25574c7d2a58d04861df1", "cb18ffdc861dbb244f14be32c47ab69604d0aca415bee53485fcea4f8e93d5ef", "cc2f24dc1c6c88c56248e93f28d439ee4018338567b0bbb490ea26a381a29b1e", "d860c7fff18d49e20339fc6dffc2d485635e36d4b2cccf58f45db815b64100b4", "d86da365dda59010ba0d1ac45aa78390f56bf7f992e65f70b3b081d5e5257b09", "e22f0997622e1ceec834fd25947dc2ee2962c2133ea693d61805bc867abaf7ea", "f2fe545d27a619a552396533cddf70d83cecd880a611cdfdbb87ca6aec52f66b", "f425e925485b3be48051f913dbe17e08e8c48588fdf44a26b8b14067041c0da6", "f7fd3ed3745fe6e81e28dc3b3d76cce31525a91f32a387e1febd6b982caf8cdb", "f9210820ee4818d84658ed7df16a7f30c9fba7d8b139959950acef91745cc0f7"]
beautifulsoup4 = ["194ec62a25438adcb3fdb06378b26559eda1ea8a747367d34c33cef9c7f48d57", "90f8e61121d6ae58362ce3bed8cd997efb00c914eae0ff3d363c32f9a9822d10", "f0abd31228055d698bb392a826528ea08ebb9959e6bea17c606fd9c9009db938"]
certifi = ["4c1d68a1408dd090d2f3a869aa94c3947cc1d967821d1ed303208c9f41f0f2f4", "b6e8b28b2b7e771a41ecdd12d4d43262ecab52adebbafa42c77d6b57fb6ad3a4"]
cffi = ["151b7eefd035c56b2b2e1eb9963c90c6302dc15fbd8c1c0a83a163ff2c7d7743", "1553d1e99f035ace1c0544050622b7bc963374a00c467edafac50ad7bd276aef", "1b0493c091a1898f1136e3f4f991a784437fac3673780ff9de3bcf46c80b6b50", "2ba8a45822b7aee805ab49abfe7eec16b90587f7f26df20c71dd89e45a97076f", "3bb6bd7266598f318063e584378b8e27c67de998a43362e8fce664c54ee52d30", "3c85641778460581c42924384f5e68076d724ceac0f267d66c757f7535069c93", "3eb6434197633b7748cea30bf0ba9f66727cdce45117a712b29a443943733257", "495c5c2d43bf6cebe0178eb3e88f9c4aa48d8934aa6e3cddb865c058da76756b", "4c91af6e967c2015729d3e69c2e51d92f9898c330d6a851bf8f121236f3defd3", "57b2533356cb2d8fac1555815929f7f5f14d68ac77b085d2326b571310f34f6e", "770f3782b31f50b68627e22f91cb182c48c47c02eb405fd689472aa7b7aa16dc", "79f9b6f7c46ae1f8ded75f68cf8ad50e5729ed4d590c74840471fc2823457d04", "7a33145e04d44ce95bcd71e522b478d282ad0eafaf34fe1ec5bbd73e662f22b6", "857959354ae3a6fa3da6651b966d13b0a8bed6bbc87a0de7b38a549db1d2a359", "87f37fe5130574ff76c17cab61e7d2538a16f843bb7bca8ebbc4b12de3078596", "95d5251e4b5ca00061f9d9f3d6fe537247e145a8524ae9fd30a2f8fbce993b5b", "9d1d3e63a4afdc29bd76ce6aa9d58c771cd1599fbba8cf5057e7860b203710dd", "a36c5c154f9d42ec176e6e620cb0dd275744aa1d804786a71ac37dc3661a5e95", "a6a5cb8809091ec9ac03edde9304b3ad82ad4466333432b16d78ef40e0cce0d5", "ae5e35a2c189d397b91034642cb0eab0e346f776ec2eb44a49a459e6615d6e2e", "b0f7d4a3df8f06cf49f9f121bead236e328074de6449866515cea4907bbc63d6", "b75110fb114fa366b29a027d0c9be3709579602ae111ff61674d28c93606acca", "ba5e697569f84b13640c9e193170e89c13c6244c24400fc57e88724ef610cd31", "be2a9b390f77fd7676d80bc3cdc4f8edb940d8c198ed2d8c0be1319018c778e1", "ca1bd81f40adc59011f58159e4aa6445fc585a32bb8ac9badf7a2c1aa23822f2", "d5d8555d9bfc3f02385c1c37e9f998e2011f0db4f90e250e5bc0c0a85a813085", "e55e22ac0a30023426564b1059b035973ec82186ddddbac867078435801c7801", "e90f17980e6ab0f3c2f3730e56d1fe9bcba1891eeea58966e89d352492cc74f4", "ecbb7b01409e9b782df5ded849c178a0aa7c906cf8c5a67368047daab282b184", "ed01918d545a38998bfa5902c7c00e0fee90e957ce036a4000a88e3fe2264917", "edabd457cd23a02965166026fd9bfd196f4324fe6032e866d0f3bd0301cd486f", "fdf1c1dc5bafc32bc5d08b054f94d659422b05aba244d6be4ddc1c72d9aa70fb"]
chardet = ["84ab92ed1c4d4f16916e05906b6b75a6c0fb5db821cc65e70cbd64a3e2a5eaae", "fc323ffcaeaed0e0a02bf4d117757b98aed530d9ed4531e3e15460124c106691"]
colorama = ["463f8483208e921368c9f306094eb6f725c6ca42b0f97e313cb5d5512459feda", "48eb22f4f8461b1df5734a074b57042430fb06e1d61bd1e11b078c0fe6d7a1f1"]
cryptography = ["21af753934f2f6d1a10fe8f4c0a64315af209ef6adeaee63ca349797d747d687", "27bb401a20a838d6d0ea380f08c6ead3ccd8c9d8a0232dc9adcc0e4994576a66", "29720c4253263cff9aea64585adbbe85013ba647f6e98367efff9db2d7193ded", "2a35b7570d8f247889784010aac8b384fd2e4a47b33e15c4a60b45a7c1944120", "42c531a6a354407f42ee07fda5c2c0dc822cf6d52744949c182f2b295fbd4183", "5eb86f03f9c4f0ac2336ac5431271072ddf7ecc76b338e26366732cfac58aa19", "67f7f57eae8dede577f3f7775957f5bec93edd6bdb6ce597bb5b28e1bdf3d4fb", "6ec84edcbc966ae460560a51a90046503ff0b5b66157a9efc61515c68059f6c8", "7ba834564daef87557e7fcd35c3c3183a4147b0b3a57314e53317360b9b201b3", "7d7f084cbe1fdb82be5a0545062b59b1ad3637bc5a48612ac2eb428ff31b31ea", "82409f5150e529d699e5c33fa8fd85e965104db03bc564f5f4b6a9199e591f7c", "87d092a7c2a44e5f7414ab02fb4145723ebba411425e1a99773531dd4c0e9b8d", "8c56ef989342e42b9fcaba7c74b446f0cc9bed546dd00034fa7ad66fc00307ef", "9449f5d4d7c516a6118fa9210c4a00f34384cb1d2028672100ee0c6cce49d7f6", "bc2301170986ad82d9349a91eb8884e0e191209c45f5541b16aa7c0cfb135978", "c132bab45d4bd0fff1d3fe294d92b0a6eb8404e93337b3127bdec9f21de117e6", "c3d945b7b577f07a477700f618f46cbc287af3a9222cd73035c6ef527ef2c363", "cee18beb4c807b5c0b178f4fa2fae03cef9d51821a358c6890f8b23465b7e5d2", "d01dfc5c2b3495184f683574e03c70022674ca9a7be88589c5aba130d835ea90"]
decorator = ["2c51dff8ef3c447388fe5e4453d24a2bf128d3a4c32af3fabef1f01c6851ab82", "c39efa13fbdeb4506c476c9b3babf6a718da943dab7811c206005a4a956c080c"]
dj-static = ["032ec1c532617922e6e3e956d504a6fb1acce4fc1c7c94612d0fda21828ce8ef"]
django = ["7f246078d5a546f63c28fc03ce71f4d7a23677ce42109219c24c9ffb28416137", "ea50d85709708621d956187c6b61d9f9ce155007b496dd914fdb35db8d790aec"]
django-appconf = ["6a4d9aea683b4c224d97ab8ee11ad2d29a37072c0c6c509896dd9857466fb261", "ddab987d14b26731352c01ee69c090a4ebfc9141ed223bef039d79587f22acd9"]
django-axes = ["155e12f95d0691ac15fe68c7274752356c371df93e8ac97bd1c1629ef682cf50", "4129f6fa089778a4be11c372e3398e85946a369ad3b9a6a642bcce774db81f4a"]
django-compressor = ["7732676cfb9d58498dfb522b036f75f3f253f72ea1345ac036434fdc418c2e57", "9616570e5b08e92fa9eadc7a1b1b49639cce07ef392fc27c74230ab08075b30f"]
django-debug-toolbar = ["4af2a4e1e932dadbda197b18585962d4fc20172b4e5a479490bc659fe998864d", "d9ea75659f76d8f1e3eb8f390b47fc5bad0908d949c34a8a3c4c87978eb40a0f"]
django-extensions = ["c3c8524056ab1174c6fc769b0599e60f7e7797ce34f38db2effc48885a0a982c", "e279344c6d825adb27694755aa924702d3cc401f8fad5ad9ef2d577948778a5f"]
django-ipware = ["a7c7a8fd019dbdc9c357e6e582f65034e897572fc79a7e467674efa8aef9d00b"]
django-libsass = ["49db3334b87e1f7955c4f9fb9945bc296f8bfd27a14d6d89706e4b0e5dc5de1c"]
django-livereload-server = ["6c8da1cb356d9a7fd044d0a50342574aad168522d5d8d25bbdc4ddd9fd196eab"]
django-post-office = ["207b663a05d5d6a62765eb30081093837272a888cf00557d89d0e6f467928871", "827937a944fe47cea393853069cd9315d080298c8ddb0faf787955d6aa51a030"]
django-secrets = ["33fc09493654744171b6d8e7fff211d8d4df0036d0a3670921648fcfb8c0225c"]
django-undeletable = ["2371a44751da3f43f68158a39cf74f2395e677f0c670e72eb876a940c2afd05f"]
djangorestframework = ["b6714c3e4b0f8d524f193c91ecf5f5450092c2145439ac2769711f7eba89a9d9", "c375e4f95a3a64fccac412e36fb42ba36881e52313ec021ef410b40f67cddca4"]
djdt-flamegraph = ["94a87e3197a7515518b184e9ddb2fbdd4fc7350af7a5768f7b7441cb96f91478", "fa552df80f3c4a45b3ac87c55f7282c055ce37ab6414bc13e6e5bccb689e8570"]
fabric3 = ["647e485ec83f30b587862f92374d6affc217f3d79819d1d7f512e42e7ae51e81", "7c5a5f2eb3079eb6bd2a69931f1ca298844c730ce3fdc68111db16e8857a0408"]
flake8 = ["7253265f7abd8b313e3892944044a365e3f4ac3fcdcfb4298f55ee9ddf188ba0", "c7841163e2b576d435799169b78703ad6ac1bbb0f199994fc05f700b2a90ea37"]
future = ["e39ced1ab767b5936646cedba8bcce582398233d6a627067d4c6a454c90cfedb"]
huepy = ["200c5af131fe52d3b5a0b2061a1eaaf60b34d6aafb98f11f22f503d14c9bfbf4"]
idna = ["156a6814fb5ac1fc6850fb002e0852d56c0c8d2531923a51032d1b70760e186e", "684a38a6f903c1d71d6d5fac066b58d7768af4de2b832e426ec79c30daa94a16"]
ipdb = ["7081c65ed7bfe7737f83fa4213ca8afd9617b42ff6b3f1daf9a3419839a2a00a"]
ipython = ["007dcd929c14631f83daff35df0147ea51d1af420da303fd078343878bd5fb62", "b0f2ef9eada4a68ef63ee10b6dde4f35c840035c50fd24265f8052c98947d5a4"]
ipython-genutils = ["72dd37233799e619666c9f639a9da83c34013a73e8bbc79a7a6348d93c61fab8", "eb2e116e75ecef9d4d228fdc66af54269afa26ab4463042e33785b887c628ba8"]
jedi = ["b409ed0f6913a701ed474a614a3bb46e6953639033e31f769ca7581da5bd1ec1", "c254b135fb39ad76e78d4d8f92765ebc9bf92cbc76f49e97ade1d5f5121e1f6f"]
jsonfield = ["a0a7fdee736ff049059409752b045281a225610fecbda9b9bd588ba976493c12", "beb1cd4850d6d6351c32daefcb826c01757744e9c863228a642f87a1a4acb834"]
libsass = ["0f2e421d3e5a53833243e0a5f2cf7ebe9812725a7f27a797c38f3c7190ce2a82", "1b74aff85f1560d629a070552ec67f9f0ff9a47446ffafddafad9944f7589ae1", "1cf80c04a77d36fd77f00b1ae0a269eee780d971fabd9d493b15d30de9857ae5", "1d55dfe8e91a15a7d72d7f8aca16e74da36899e70d911af66d7184f1c82e2b39", "23755425149fe0f576fd0ab7bcd151fe09400b2d980fe176c28f6c19e053c830", "4a434d5b713b97c4141fb71c59341d4ebff8669114b14c626af51e145a48710e", "4dcd5b546bed977276f97eb7a2a13cb7cbf0a38d672e7b5525b7587c8cabcf27", "62771c8ead9227579891814dd714be645243741aa23e5cb232ac0c245cf29a37", "727fb84326ffa930bc09fad8b706e77ada4d13b3adf35cce134962a434d7eccb", "7b9e7179b5f4fc32bc716f86e9ccaeb48ab90e7eb6648b339440346733af8828", "a0ffca466b35fb57f2afe1f1c5fd39b4c51a4107596d28ef8c0d3bb0962244b5", "bb9735066391189b3c0383254d20d59aaafb438d632d7de551c264f16486e773", "cbd5ee83d3603a2b2c2937d8f06acc07b30fd22642ea2460c966d4fd6217f1d0", "de1eae502764b3dde294d6652a0046489cf31008de190c4dd8d05e7f4b5e0d71", "e00b6c6d75a6e912990cbc23d48ddfdbfefc3e400c20be6593988839292248c5", "ed8beef197efc6e6ab0ad03cea0885b31cc11f226290783649b4dafe1fb2ea27"]
mccabe = ["ab8a6258860da4b6677da4bd2fe5dc2c659cff31b3ee4f7f5d64e79735b80d42", "dd8d182285a0fe56bace7f45b5e7d1a6ebcbf524e8f3bd87eb0f125271b8831f"]
paramiko = ["24fb31c947de85fbdeca09e222d41206781581fb0bdf118d2ef18f6e414cd388", "33e36775a6c71790ba7692a73f948b329cf9295a72b0102144b031114bd2a4f3"]
parso = ["35704a43a3c113cce4de228ddb39aab374b8004f4f2407d070b6a2ca784ce8a2", "895c63e93b94ac1e1690f5fdd40b65f07c8171e3e53cbd7793b5b96c0e0a7f24"]
pendulum = ["0ec5371949e147753661e1e98721273170638034dfceb578f29d69d93d3d474b", "10ccdc8c6d004ba97883dd0f57503963ddf6cb83e849a16c4675ba18da657564", "37bb54bcbb9d7fccd725f3fda69702e51ab3de9971b4c1c986505fbb3bc58bed", "51803352e40778f914ff7af3494788b404260b415d9a9d607a8cf73e5e120994", "5de295ca85761d9adf4020e6f3bed6eb933846ccf23b74e04b071f6d677f11a4", "73f850265adcf0986fcc0af83ae9c8c5a7ca3c4a2525184110478a8bfd1a77b3", "8fe289356322f6b0f4510082b4c412a1496a64054a37ae86b24411868a1901c6", "c0401482dfa9fbd7005f2dfbf54ec61fd2c8130df37651ac2a3722d1f049ae4e", "c358ee65ddb99c2b1bf301458e43ed09ff6d40465bcc9928265246912fad4d0f", "d07962450e808556b3e6209a5830e2bbf8c7747129580c3b5b09e641f72617ab", "dc05e6186c9c3b9969326aded9cba7a796744918581b25457f5148a5e3475d55", "ee9466eea403e8e308c284d3055e285b97905a5ffb1566df0ef200b4f39c0f15", "f7fa6220251a636112721e8158b9dd59018d818ec121047900934d80864eca62"]
pexpect = ["2a8e88259839571d1251d278476f3eec5db26deb73a70be5ed5dc5435e418aba", "3fbd41d4caf27fa4a377bfd16fef87271099463e6fa73e92a52f92dfee5d425b"]
pickleshare = ["84a9257227dfdd6fe1b4be1319096c20eb85ff1e82c7932f36efccfe1b09737b", "c9a2541f25aeabc070f12f452e1f2a8eae2abd51e1cd19e8430402bdf4c1d8b5"]
prompt-toolkit = ["1df952620eccb399c53ebb359cc7d9a8d3a9538cb34c5a1344bdbeb29fbcc381", "3f473ae040ddaa52b52f97f6b4a493cfa9f5920c255a12dc56a7d34397a398a4", "858588f1983ca497f1cf4ffde01d978a3ea02b01c8a26a8bbc5cd2e66d816917"]
ptyprocess = ["923f299cc5ad920c68f2bc0bc98b75b9f838b93b599941a6b63ddbc2476394c0", "d7cc528d76e76342423ca640335bd3633420dc1366f258cb31d05e865ef5ca1f"]
pyasn1 = ["0ad0fe0593dde1e599cac0bf65bb1a4ec663032f0bc68ee44850db4251e8c501", "13794d835643ee970b2c059dbfe4eb5d751e16c693c8baee61c526abd209e5c7", "49a8ed515f26913049113820b462f698e6ed26df62c389dafb6fa3685ddca8de", "74ac8521a0480f228549be20bea555ae35678f0e754c2fbc6f1576b0959bec43", "89399ca8ecd4524f974e926d4ef9e7a787903e01f0a9cdff3131ad1361792fe5", "8f291e0338d519a1a0d07f0b9d03c9265f6be26eb32fdd21af6d3259d14ea49c", "b9d3abc5031e61927c82d4d96c1cec1e55676c1a991623cfed28faea73cdd7ca", "d3bbd726c1a760d4ca596a4d450c380b81737612fe0182f5bb3caebc17461fd9", "dea873d6c907c1cf1341fd88742a61efce33227d7743cb37564ab7d7e77dd9fd", "ded5eea5cb88bc1ce9aa074b5a3092f95ce4741887e317e9b49c7ece75d7ea0e", "e8b69ea2200d42201cbedd486eedb8980f320d4534f83ce2fb468e96aa5545d0", "edad117649643230493aeb4955456ce19ab4b12e94489dde6f7094cdb5a3c87e", "f58f2a3d12fd754aa123e9fa74fb7345333000a035f3921dbdaa08597aa53137"]
pycodestyle = ["682256a5b318149ca0d2a9185d365d8864a768a28db66a84a2ea946bcc426766", "6c4245ade1edfad79c3446fadfc96b0de2759662dc29d07d80a6f27ad1ca6ba9"]
pycparser = ["99a8ca03e29851d96616ad0404b4aad7d9ee16f25c9f9708a11faf2810f7b226"]
pyflakes = ["08bd6a50edf8cffa9fa09a463063c425ecaaf10d1eb0335a7e8b1401aef89e6f", "8d616a382f243dbf19b54743f280b80198be0bca3a5396f1d2e1fca6223e8805"]
pygments = ["78f3f434bcc5d6ee09020f92ba487f95ba50f1e3ef83ae96b9d5ffa1bab25c5d", "dbae1046def0efb574852fab9e90209b23f556367b5a320c0bcb871c77c3e8cc"]
pynacl = ["04e30e5bdeeb2d5b34107f28cd2f5bbfdc6c616f3be88fc6f53582ff1669eeca", "0bfa0d94d2be6874e40f896e0a67e290749151e7de767c5aefbad1121cad7512", "11aa4e141b2456ce5cecc19c130e970793fa3a2c2e6fbb8ad65b28f35aa9e6b6", "13bdc1fe084ff9ac7653ae5a924cae03bf4bb07c6667c9eb5b6eb3c570220776", "14339dc233e7a9dda80a3800e64e7ff89d0878ba23360eea24f1af1b13772cac", "1d33e775fab3f383167afb20b9927aaf4961b953d76eeb271a5703a6d756b65b", "2a42b2399d0428619e58dac7734838102d35f6dcdee149e0088823629bf99fbb", "2dce05ac8b3c37b9e2f65eab56c544885607394753e9613fd159d5e2045c2d98", "63cfccdc6217edcaa48369191ae4dca0c390af3c74f23c619e954973035948cd", "6453b0dae593163ffc6db6f9c9c1597d35c650598e2c39c0590d1757207a1ac2", "73a5a96fb5fbf2215beee2353a128d382dbca83f5341f0d3c750877a236569ef", "8abb4ef79161a5f58848b30ab6fb98d8c466da21fdd65558ce1d7afc02c70b5f", "8ac1167195b32a8755de06efd5b2d2fe76fc864517dab66aaf65662cc59e1988", "8f505f42f659012794414fa57c498404e64db78f1d98dfd40e318c569f3c783b", "9c8a06556918ee8e3ab48c65574f318f5a0a4d31437fc135da7ee9d4f9080415", "a1e25fc5650cf64f01c9e435033e53a4aca9de30eb9929d099f3bb078e18f8f2", "be71cd5fce04061e1f3d39597f93619c80cdd3558a6c9ba99a546f144a8d8101", "c5b1a7a680218dee9da0f1b5e24072c46b3c275d35712bc1d505b85bb03441c0", "cb785db1a9468841a1265c9215c60fe5d7af2fb1b209e3316a152704607fc582", "cf6877124ae6a0698404e169b3ba534542cfbc43f939d46b927d956daf0a373a", "d0eb5b2795b7ee2cbcfcadacbe95a13afbda048a262bd369da9904fecb568975", "d3a934e2b9f20abac009d5b6951067cfb5486889cb913192b4d8288b216842f1", "d795f506bcc9463efb5ebb0f65ed77921dcc9e0a50499dedd89f208445de9ecb", "d8aaf7e5d6b0e0ef7d6dbf7abeb75085713d0100b4eb1a4e4e857de76d77ac45", "de2aaca8386cf4d70f1796352f2346f48ddb0bed61dc43a3ce773ba12e064031", "e0d38fa0a75f65f556fb912f2c6790d1fa29b7dd27a1d9cc5591b281321eaaa9", "eb2acabbd487a46b38540a819ef67e477a674481f84a82a7ba2234b9ba46f752", "eeee629828d0eb4f6d98ac41e9a3a6461d114d1d0aa111a8931c049359298da0", "f5836463a3c0cca300295b229b6c7003c415a9d11f8f9288ddbd728e2746524c", "f5ce9e26d25eb0b2d96f3ef0ad70e1d3ae89b5d60255c462252a3e456a48c053", "fabf73d5d0286f9e078774f3435601d2735c94ce9e514ac4fb945701edead7e4"]
pypugjs = ["a8659b77bd8d925e365b3d0209e6171b7423cd0a1fb99ac279f8ad502b4f9ef9"]
python-dateutil = ["1adb80e7a782c12e52ef9a8182bebeb73f1d7e24e374397af06fb4956c8dc5c0", "e27001de32f627c22380a688bcc43ce83504a7bc5da472209b4c70f02829f0b8"]
pytz = ["a061aa0a9e06881eb8b3b2b43f05b9439d6583c206d0a6c340ff72a7b6669053", "ffb9ef1de172603304d9d2819af6f5ece76f2e85ec10692a524dd876e72bf277"]
pytzdata = ["1d936da41ee06216d89fdc7ead1ee9a5da2811a8787515a976b646e110c3f622", "e4ef42e82b0b493c5849eed98b5ab49d6767caf982127e9a33167f1153b36cc5"]
raven = ["3fd787d19ebb49919268f06f19310e8112d619ef364f7989246fc8753d469888", "95f44f3ea2c1b176d5450df4becdb96c15bf2632888f9ab193e9dd22300ce46a"]
rcssmin = ["ca87b695d3d7864157773a61263e5abb96006e9ff0e021eff90cbe0e1ba18270"]
requests = ["63b52e3c866428a224f97cab011de738c36aec0185aa91cfacd418b5d58911d1", "ec22d826a36ed72a7358ff3fe56cbd4ba69dd7a6718ffd450ff0e9df7a47ce6a"]
rjsmin = ["dd9591aa73500b08b7db24367f8d32c6470021f39d5ab4e50c7c02e4401386f1"]
simplegeneric = ["dc972e06094b9af5b855b3df4a646395e43d1c9d0d39ed345b7393560d0b9173"]
six = ["70e8a77beed4562e7f14fe23a786b54f6296e34344c23bc42f07b15018ff98e9", "832dc0e10feb1aa2c68dcc57dbb658f1c7e65b9b61af69048abc87a2db00a0eb"]
sqlparse = ["ce028444cfab83be538752a2ffdb56bc417b7784ff35bb9a3062413717807dec", "d9cf190f51cbb26da0412247dfe4fb5f4098edb73db84e02f9fc21fdca31fed4"]
static3 = ["674641c64bc75507af2eb20bef7e7e3593dca993dec6674be108fa15b42f47c8"]
tornado = ["1c0816fc32b7d31b98781bd8ebc7a9726d7dce67407dc353a2e66e697e138448", "4f66a2172cb947387193ca4c2c3e19131f1c70fa8be470ddbbd9317fd0801582", "5327ba1a6c694e0149e7d9126426b3704b1d9d520852a3e4aa9fc8fe989e4046", "6a7e8657618268bb007646b9eae7661d0b57f13efc94faa33cd2588eae5912c9", "a9b14804783a1d77c0bd6c66f7a9b1196cbddfbdf8bceb64683c5ae60bd1ec6f", "c58757e37c4a3172949c99099d4d5106e4d7b63aa0617f9bb24bfbff712c7866", "d8984742ce86c0855cccecd5c6f54a9f7532c983947cff06f3a0e2115b47f85c"]
traitlets = ["9c4bd2d267b7153df9152698efb1050a5d84982d3384a37b2c1f7723ba3e7835", "c6cb5e6f57c5a9bdaa40fa71ce7b4af30298fbab9ece9815b5d995ab6217c7d9"]
urllib3 = ["a68ac5e15e76e7e5dd2b8f94007233e01effe3e50e8daddf69acfd81cb686baf", "b5725a0bd4ba422ab0e66e89e030c806576753ea3ee08554382c14e685d117b5"]
uwsgidecorators = ["92693eeed4836fa3afde2954629bd9f846ea358b965fba6a00ce365cce68f976"]
wcwidth = ["3df37372226d6e63e1b1e1eda15c594bca98a22d33a23832a90998faa96bc65e", "f4ebe71925af7b40a864553f761ed559b43544f8f71746c2d756c7fe788ade7c"]
